
Microsoft Visual Studio Solution File, Format Version 12.00
# Visual Studio Version 16
VisualStudioVersion = 16.0.29728.190
MinimumVisualStudioVersion = 10.0.40219.1
Project("{FAE04EC0-301F-11D3-BF4B-00C04F79EFBC}") = "DataGridView", "DataGridView\DataGridView.csproj", "{918DF364-84B4-411F-A133-D4CFC90515C4}"
EndProject
Global
	GlobalSection(SolutionConfigurationPlatforms) = preSolution
		Debug|Any CPU = Debug|Any CPU
		Release|Any CPU = Release|Any CPU
	EndGlobalSection
	GlobalSection(ProjectConfigurationPlatforms) = postSolution
		{918DF364-84B4-411F-A133-D4CFC90515C4}.Debug|Any CPU.ActiveCfg = Debug|Any CPU
		{918DF364-84B4-411F-A133-D4CFC90515C4}.Debug|Any CPU.Build.0 = Debug|Any CPU
		{918DF364-84B4-411F-A133-D4CFC90515C4}.Release|Any CPU.ActiveCfg = Release|Any CPU
		{918DF364-84B4-411F-A133-D4CFC90515C4}.Release|Any CPU.Build.0 = Release|Any CPU
	EndGlobalSection
	GlobalSection(SolutionProperties) = preSolution
		HideSolutionNode = FALSE
	EndGlobalSection
	GlobalSection(ExtensibilityGlobals) = postSolution
		SolutionGuid = {7D009F13-8C7B-4A0B-A750-FB9019C70AFE}
	EndGlobalSection
EndGlobal
